// !$*UTF8*$!
{
	archiveVersion = 1;
	classes = {
	};
	objectVersion = 46;
	objects = {

/* Begin PBXBuildFile section */
		50F76F45ABA5AA3D86A18088 /* Pods_firstchat.framework in Frameworks */ = {isa = PBXBuildFile; fileRef = DD9795C0BDEDA6003CD093E4 /* Pods_firstchat.framework */; };
		A60E53751CA5AF0300C2D1BA /* ContactViewController.swift in Sources */ = {isa = PBXBuildFile; fileRef = A60E53741CA5AF0300C2D1BA /* ContactViewController.swift */; };
		A67595F61C8ADA2900B5ACD3 /* ChatViewController.swift in Sources */ = {isa = PBXBuildFile; fileRef = A67595F51C8ADA2900B5ACD3 /* ChatViewController.swift */; };
		A6895F411C80BFE5003B69E3 /* KeyboardLayoutConstraint.swift in Sources */ = {isa = PBXBuildFile; fileRef = A6895F401C80BFE5003B69E3 /* KeyboardLayoutConstraint.swift */; };
		A6895F4E1C80C547003B69E3 /* Bitter-Bold.otf in Resources */ = {isa = PBXBuildFile; fileRef = A6895F4A1C80C547003B69E3 /* Bitter-Bold.otf */; };
		A6895F4F1C80C547003B69E3 /* Bitter-BoldItalic.otf in Resources */ = {isa = PBXBuildFile; fileRef = A6895F4B1C80C547003B69E3 /* Bitter-BoldItalic.otf */; };
		A6895F501C80C547003B69E3 /* Bitter-Italic.otf in Resources */ = {isa = PBXBuildFile; fileRef = A6895F4C1C80C547003B69E3 /* Bitter-Italic.otf */; };
		A6895F511C80C547003B69E3 /* Bitter-Regular.otf in Resources */ = {isa = PBXBuildFile; fileRef = A6895F4D1C80C547003B69E3 /* Bitter-Regular.otf */; };
		A6895F531C81899B003B69E3 /* Connection.swift in Sources */ = {isa = PBXBuildFile; fileRef = A6895F521C81899B003B69E3 /* Connection.swift */; };
		A6895F551C819269003B69E3 /* ThirdViewController.swift in Sources */ = {isa = PBXBuildFile; fileRef = A6895F541C819269003B69E3 /* ThirdViewController.swift */; };
		A6895F571C819E0D003B69E3 /* TabBarController.swift in Sources */ = {isa = PBXBuildFile; fileRef = A6895F561C819E0D003B69E3 /* TabBarController.swift */; };
		A6895F6A1C81A35D003B69E3 /* Lato-Black.ttf in Resources */ = {isa = PBXBuildFile; fileRef = A6895F581C81A35D003B69E3 /* Lato-Black.ttf */; };
		A6895F6B1C81A35D003B69E3 /* Lato-BlackItalic.ttf in Resources */ = {isa = PBXBuildFile; fileRef = A6895F591C81A35D003B69E3 /* Lato-BlackItalic.ttf */; };
		A6895F6C1C81A35D003B69E3 /* Lato-Bold.ttf in Resources */ = {isa = PBXBuildFile; fileRef = A6895F5A1C81A35D003B69E3 /* Lato-Bold.ttf */; };
		A6895F6D1C81A35D003B69E3 /* Lato-BoldItalic.ttf in Resources */ = {isa = PBXBuildFile; fileRef = A6895F5B1C81A35D003B69E3 /* Lato-BoldItalic.ttf */; };
		A6895F6E1C81A35D003B69E3 /* Lato-Hairline.ttf in Resources */ = {isa = PBXBuildFile; fileRef = A6895F5C1C81A35D003B69E3 /* Lato-Hairline.ttf */; };
		A6895F6F1C81A35D003B69E3 /* Lato-HairlineItalic.ttf in Resources */ = {isa = PBXBuildFile; fileRef = A6895F5D1C81A35D003B69E3 /* Lato-HairlineItalic.ttf */; };
		A6895F701C81A35D003B69E3 /* Lato-Heavy.ttf in Resources */ = {isa = PBXBuildFile; fileRef = A6895F5E1C81A35D003B69E3 /* Lato-Heavy.ttf */; };
		A6895F711C81A35D003B69E3 /* Lato-HeavyItalic.ttf in Resources */ = {isa = PBXBuildFile; fileRef = A6895F5F1C81A35D003B69E3 /* Lato-HeavyItalic.ttf */; };
		A6895F721C81A35D003B69E3 /* Lato-Italic.ttf in Resources */ = {isa = PBXBuildFile; fileRef = A6895F601C81A35D003B69E3 /* Lato-Italic.ttf */; };
		A6895F731C81A35D003B69E3 /* Lato-Light.ttf in Resources */ = {isa = PBXBuildFile; fileRef = A6895F611C81A35D003B69E3 /* Lato-Light.ttf */; };
		A6895F741C81A35D003B69E3 /* Lato-LightItalic.ttf in Resources */ = {isa = PBXBuildFile; fileRef = A6895F621C81A35D003B69E3 /* Lato-LightItalic.ttf */; };
		A6895F751C81A35D003B69E3 /* Lato-Medium.ttf in Resources */ = {isa = PBXBuildFile; fileRef = A6895F631C81A35D003B69E3 /* Lato-Medium.ttf */; };
		A6895F761C81A35D003B69E3 /* Lato-MediumItalic.ttf in Resources */ = {isa = PBXBuildFile; fileRef = A6895F641C81A35D003B69E3 /* Lato-MediumItalic.ttf */; };
		A6895F771C81A35D003B69E3 /* Lato-Regular.ttf in Resources */ = {isa = PBXBuildFile; fileRef = A6895F651C81A35D003B69E3 /* Lato-Regular.ttf */; };
		A6895F781C81A35D003B69E3 /* Lato-Semibold.ttf in Resources */ = {isa = PBXBuildFile; fileRef = A6895F661C81A35D003B69E3 /* Lato-Semibold.ttf */; };
		A6895F791C81A35D003B69E3 /* Lato-SemiboldItalic.ttf in Resources */ = {isa = PBXBuildFile; fileRef = A6895F671C81A35D003B69E3 /* Lato-SemiboldItalic.ttf */; };
		A6895F7A1C81A35D003B69E3 /* Lato-Thin.ttf in Resources */ = {isa = PBXBuildFile; fileRef = A6895F681C81A35D003B69E3 /* Lato-Thin.ttf */; };
		A6895F7B1C81A35D003B69E3 /* Lato-ThinItalic.ttf in Resources */ = {isa = PBXBuildFile; fileRef = A6895F691C81A35D003B69E3 /* Lato-ThinItalic.ttf */; };
		A68B3E281D1B085E0061EB94 /* Info.plist in Resources */ = {isa = PBXBuildFile; fileRef = A68CAB6F1C8035FF00C87911 /* Info.plist */; };
		A68CAB621C8035FF00C87911 /* AppDelegate.swift in Sources */ = {isa = PBXBuildFile; fileRef = A68CAB611C8035FF00C87911 /* AppDelegate.swift */; };
		A68CAB641C8035FF00C87911 /* FirstViewController.swift in Sources */ = {isa = PBXBuildFile; fileRef = A68CAB631C8035FF00C87911 /* FirstViewController.swift */; };
		A68CAB661C8035FF00C87911 /* SecondViewController.swift in Sources */ = {isa = PBXBuildFile; fileRef = A68CAB651C8035FF00C87911 /* SecondViewController.swift */; };
		A68CAB691C8035FF00C87911 /* Main.storyboard in Resources */ = {isa = PBXBuildFile; fileRef = A68CAB671C8035FF00C87911 /* Main.storyboard */; };
		A68CAB6B1C8035FF00C87911 /* Assets.xcassets in Resources */ = {isa = PBXBuildFile; fileRef = A68CAB6A1C8035FF00C87911 /* Assets.xcassets */; };
		A68CAB6E1C8035FF00C87911 /* LaunchScreen.storyboard in Resources */ = {isa = PBXBuildFile; fileRef = A68CAB6C1C8035FF00C87911 /* LaunchScreen.storyboard */; };
		A68CAB781C80AE9700C87911 /* SignInViewController.swift in Sources */ = {isa = PBXBuildFile; fileRef = A68CAB771C80AE9700C87911 /* SignInViewController.swift */; };
		A6C548871CA46CCD00D0D2C4 /* LICENSE in Resources */ = {isa = PBXBuildFile; fileRef = A6C5487D1CA46CCD00D0D2C4 /* LICENSE */; };
		A6C548881CA46CCD00D0D2C4 /* README.md in Sources */ = {isa = PBXBuildFile; fileRef = A6C5487E1CA46CCD00D0D2C4 /* README.md */; };
		A6C548891CA46CCD00D0D2C4 /* RSKGrowingTextView.swift in Sources */ = {isa = PBXBuildFile; fileRef = A6C548811CA46CCD00D0D2C4 /* RSKGrowingTextView.swift */; };
		A6C5488A1CA46CCD00D0D2C4 /* LICENSE in Resources */ = {isa = PBXBuildFile; fileRef = A6C548831CA46CCD00D0D2C4 /* LICENSE */; };
		A6C5488B1CA46CCD00D0D2C4 /* README.md in Sources */ = {isa = PBXBuildFile; fileRef = A6C548841CA46CCD00D0D2C4 /* README.md */; };
		A6C5488C1CA46CCD00D0D2C4 /* RSKPlaceholderTextView.swift in Sources */ = {isa = PBXBuildFile; fileRef = A6C548861CA46CCD00D0D2C4 /* RSKPlaceholderTextView.swift */; };
/* End PBXBuildFile section */

/* Begin PBXFileReference section */
		13521F6B88540540FF97376D /* Pods-firstchat.release.xcconfig */ = {isa = PBXFileReference; includeInIndex = 1; lastKnownFileType = text.xcconfig; name = "Pods-firstchat.release.xcconfig"; path = "Pods/Target Support Files/Pods-firstchat/Pods-firstchat.release.xcconfig"; sourceTree = "<group>"; };
		48F0619C5E198E7780298126 /* Pods-firstchat.debug.xcconfig */ = {isa = PBXFileReference; includeInIndex = 1; lastKnownFileType = text.xcconfig; name = "Pods-firstchat.debug.xcconfig"; path = "Pods/Target Support Files/Pods-firstchat/Pods-firstchat.debug.xcconfig"; sourceTree = "<group>"; };
		A60E53741CA5AF0300C2D1BA /* ContactViewController.swift */ = {isa = PBXFileReference; fileEncoding = 4; lastKnownFileType = sourcecode.swift; path = ContactViewController.swift; sourceTree = "<group>"; };
		A67595F51C8ADA2900B5ACD3 /* ChatViewController.swift */ = {isa = PBXFileReference; fileEncoding = 4; lastKnownFileType = sourcecode.swift; path = ChatViewController.swift; sourceTree = "<group>"; };
		A67FBF461CA46A9700796F50 /* RSKPlaceholderTextView.framework */ = {isa = PBXFileReference; lastKnownFileType = wrapper.framework; name = RSKPlaceholderTextView.framework; path = build/Debug/RSKPlaceholderTextView.framework; sourceTree = "<group>"; };
		A6895F401C80BFE5003B69E3 /* KeyboardLayoutConstraint.swift */ = {isa = PBXFileReference; fileEncoding = 4; lastKnownFileType = sourcecode.swift; path = KeyboardLayoutConstraint.swift; sourceTree = "<group>"; };
		A6895F4A1C80C547003B69E3 /* Bitter-Bold.otf */ = {isa = PBXFileReference; lastKnownFileType = file; path = "Bitter-Bold.otf"; sourceTree = "<group>"; };
		A6895F4B1C80C547003B69E3 /* Bitter-BoldItalic.otf */ = {isa = PBXFileReference; lastKnownFileType = file; path = "Bitter-BoldItalic.otf"; sourceTree = "<group>"; };
		A6895F4C1C80C547003B69E3 /* Bitter-Italic.otf */ = {isa = PBXFileReference; lastKnownFileType = file; path = "Bitter-Italic.otf"; sourceTree = "<group>"; };
		A6895F4D1C80C547003B69E3 /* Bitter-Regular.otf */ = {isa = PBXFileReference; lastKnownFileType = file; path = "Bitter-Regular.otf"; sourceTree = "<group>"; };
		A6895F521C81899B003B69E3 /* Connection.swift */ = {isa = PBXFileReference; fileEncoding = 4; lastKnownFileType = sourcecode.swift; path = Connection.swift; sourceTree = "<group>"; };
		A6895F541C819269003B69E3 /* ThirdViewController.swift */ = {isa = PBXFileReference; fileEncoding = 4; lastKnownFileType = sourcecode.swift; path = ThirdViewController.swift; sourceTree = "<group>"; };
		A6895F561C819E0D003B69E3 /* TabBarController.swift */ = {isa = PBXFileReference; fileEncoding = 4; lastKnownFileType = sourcecode.swift; path = TabBarController.swift; sourceTree = "<group>"; };
		A6895F581C81A35D003B69E3 /* Lato-Black.ttf */ = {isa = PBXFileReference; lastKnownFileType = file; path = "Lato-Black.ttf"; sourceTree = "<group>"; };
		A6895F591C81A35D003B69E3 /* Lato-BlackItalic.ttf */ = {isa = PBXFileReference; lastKnownFileType = file; path = "Lato-BlackItalic.ttf"; sourceTree = "<group>"; };
		A6895F5A1C81A35D003B69E3 /* Lato-Bold.ttf */ = {isa = PBXFileReference; lastKnownFileType = file; path = "Lato-Bold.ttf"; sourceTree = "<group>"; };
		A6895F5B1C81A35D003B69E3 /* Lato-BoldItalic.ttf */ = {isa = PBXFileReference; lastKnownFileType = file; path = "Lato-BoldItalic.ttf"; sourceTree = "<group>"; };
		A6895F5C1C81A35D003B69E3 /* Lato-Hairline.ttf */ = {isa = PBXFileReference; lastKnownFileType = file; path = "Lato-Hairline.ttf"; sourceTree = "<group>"; };
		A6895F5D1C81A35D003B69E3 /* Lato-HairlineItalic.ttf */ = {isa = PBXFileReference; lastKnownFileType = file; path = "Lato-HairlineItalic.ttf"; sourceTree = "<group>"; };
		A6895F5E1C81A35D003B69E3 /* Lato-Heavy.ttf */ = {isa = PBXFileReference; lastKnownFileType = file; path = "Lato-Heavy.ttf"; sourceTree = "<group>"; };
		A6895F5F1C81A35D003B69E3 /* Lato-HeavyItalic.ttf */ = {isa = PBXFileReference; lastKnownFileType = file; path = "Lato-HeavyItalic.ttf"; sourceTree = "<group>"; };
		A6895F601C81A35D003B69E3 /* Lato-Italic.ttf */ = {isa = PBXFileReference; lastKnownFileType = file; path = "Lato-Italic.ttf"; sourceTree = "<group>"; };
		A6895F611C81A35D003B69E3 /* Lato-Light.ttf */ = {isa = PBXFileReference; lastKnownFileType = file; path = "Lato-Light.ttf"; sourceTree = "<group>"; };
		A6895F621C81A35D003B69E3 /* Lato-LightItalic.ttf */ = {isa = PBXFileReference; lastKnownFileType = file; path = "Lato-LightItalic.ttf"; sourceTree = "<group>"; };
		A6895F631C81A35D003B69E3 /* Lato-Medium.ttf */ = {isa = PBXFileReference; lastKnownFileType = file; path = "Lato-Medium.ttf"; sourceTree = "<group>"; };
		A6895F641C81A35D003B69E3 /* Lato-MediumItalic.ttf */ = {isa = PBXFileReference; lastKnownFileType = file; path = "Lato-MediumItalic.ttf"; sourceTree = "<group>"; };
		A6895F651C81A35D003B69E3 /* Lato-Regular.ttf */ = {isa = PBXFileReference; lastKnownFileType = file; path = "Lato-Regular.ttf"; sourceTree = "<group>"; };
		A6895F661C81A35D003B69E3 /* Lato-Semibold.ttf */ = {isa = PBXFileReference; lastKnownFileType = file; path = "Lato-Semibold.ttf"; sourceTree = "<group>"; };
		A6895F671C81A35D003B69E3 /* Lato-SemiboldItalic.ttf */ = {isa = PBXFileReference; lastKnownFileType = file; path = "Lato-SemiboldItalic.ttf"; sourceTree = "<group>"; };
		A6895F681C81A35D003B69E3 /* Lato-Thin.ttf */ = {isa = PBXFileReference; lastKnownFileType = file; path = "Lato-Thin.ttf"; sourceTree = "<group>"; };
		A6895F691C81A35D003B69E3 /* Lato-ThinItalic.ttf */ = {isa = PBXFileReference; lastKnownFileType = file; path = "Lato-ThinItalic.ttf"; sourceTree = "<group>"; };
		A68B3E291D1B24C10061EB94 /* libchilkatIos.a */ = {isa = PBXFileReference; lastKnownFileType = archive.ar; name = libchilkatIos.a; path = "../../../Downloads/chilkat-9.5.0-ios9/lib/libchilkatIos.a"; sourceTree = "<group>"; };
		A68B3E2D1D1B290A0061EB94 /* firstchat-Bridging-Header.h */ = {isa = PBXFileReference; lastKnownFileType = sourcecode.c.h; path = "firstchat-Bridging-Header.h"; sourceTree = "<group>"; };
		A68CAB5E1C8035FF00C87911 /* firstchat.app */ = {isa = PBXFileReference; explicitFileType = wrapper.application; includeInIndex = 0; path = firstchat.app; sourceTree = BUILT_PRODUCTS_DIR; };
		A68CAB611C8035FF00C87911 /* AppDelegate.swift */ = {isa = PBXFileReference; lastKnownFileType = sourcecode.swift; path = AppDelegate.swift; sourceTree = "<group>"; };
		A68CAB631C8035FF00C87911 /* FirstViewController.swift */ = {isa = PBXFileReference; lastKnownFileType = sourcecode.swift; path = FirstViewController.swift; sourceTree = "<group>"; };
		A68CAB651C8035FF00C87911 /* SecondViewController.swift */ = {isa = PBXFileReference; lastKnownFileType = sourcecode.swift; path = SecondViewController.swift; sourceTree = "<group>"; };
		A68CAB681C8035FF00C87911 /* Base */ = {isa = PBXFileReference; lastKnownFileType = file.storyboard; name = Base; path = Base.lproj/Main.storyboard; sourceTree = "<group>"; };
		A68CAB6A1C8035FF00C87911 /* Assets.xcassets */ = {isa = PBXFileReference; lastKnownFileType = folder.assetcatalog; path = Assets.xcassets; sourceTree = "<group>"; };
		A68CAB6D1C8035FF00C87911 /* Base */ = {isa = PBXFileReference; lastKnownFileType = file.storyboard; name = Base; path = Base.lproj/LaunchScreen.storyboard; sourceTree = "<group>"; };
		A68CAB6F1C8035FF00C87911 /* Info.plist */ = {isa = PBXFileReference; lastKnownFileType = text.plist.xml; path = Info.plist; sourceTree = "<group>"; };
		A68CAB771C80AE9700C87911 /* SignInViewController.swift */ = {isa = PBXFileReference; fileEncoding = 4; lastKnownFileType = sourcecode.swift; path = SignInViewController.swift; sourceTree = "<group>"; };
		A6C5487D1CA46CCD00D0D2C4 /* LICENSE */ = {isa = PBXFileReference; fileEncoding = 4; lastKnownFileType = text; path = LICENSE; sourceTree = "<group>"; };
		A6C5487E1CA46CCD00D0D2C4 /* README.md */ = {isa = PBXFileReference; fileEncoding = 4; lastKnownFileType = net.daringfireball.markdown; path = README.md; sourceTree = "<group>"; };
		A6C548801CA46CCD00D0D2C4 /* RSKGrowingTextView.h */ = {isa = PBXFileReference; fileEncoding = 4; lastKnownFileType = sourcecode.c.h; path = RSKGrowingTextView.h; sourceTree = "<group>"; };
		A6C548811CA46CCD00D0D2C4 /* RSKGrowingTextView.swift */ = {isa = PBXFileReference; fileEncoding = 4; lastKnownFileType = sourcecode.swift; path = RSKGrowingTextView.swift; sourceTree = "<group>"; };
		A6C548831CA46CCD00D0D2C4 /* LICENSE */ = {isa = PBXFileReference; fileEncoding = 4; lastKnownFileType = text; path = LICENSE; sourceTree = "<group>"; };
		A6C548841CA46CCD00D0D2C4 /* README.md */ = {isa = PBXFileReference; fileEncoding = 4; lastKnownFileType = net.daringfireball.markdown; path = README.md; sourceTree = "<group>"; };
		A6C548861CA46CCD00D0D2C4 /* RSKPlaceholderTextView.swift */ = {isa = PBXFileReference; fileEncoding = 4; lastKnownFileType = sourcecode.swift; path = RSKPlaceholderTextView.swift; sourceTree = "<group>"; };
		DD9795C0BDEDA6003CD093E4 /* Pods_firstchat.framework */ = {isa = PBXFileReference; explicitFileType = wrapper.framework; includeInIndex = 0; path = Pods_firstchat.framework; sourceTree = BUILT_PRODUCTS_DIR; };
/* End PBXFileReference section */

/* Begin PBXFrameworksBuildPhase section */
		A68CAB5B1C8035FF00C87911 /* Frameworks */ = {
			isa = PBXFrameworksBuildPhase;
			buildActionMask = 2147483647;
			files = (
				50F76F45ABA5AA3D86A18088 /* Pods_firstchat.framework in Frameworks */,
			);
			runOnlyForDeploymentPostprocessing = 0;
		};
/* End PBXFrameworksBuildPhase section */

/* Begin PBXGroup section */
		9386E9D4679C560701F9AE6A /* Pods */ = {
			isa = PBXGroup;
			children = (
				48F0619C5E198E7780298126 /* Pods-firstchat.debug.xcconfig */,
				13521F6B88540540FF97376D /* Pods-firstchat.release.xcconfig */,
			);
			name = Pods;
			sourceTree = "<group>";
		};
		A68CAB551C8035FF00C87911 = {
			isa = PBXGroup;
			children = (
				A68CAB601C8035FF00C87911 /* firstchat */,
				A68CAB5F1C8035FF00C87911 /* Products */,
				9386E9D4679C560701F9AE6A /* Pods */,
				CA2AC7E77CB2FA02D2C44EEB /* Frameworks */,
			);
			sourceTree = "<group>";
		};
		A68CAB5F1C8035FF00C87911 /* Products */ = {
			isa = PBXGroup;
			children = (
				A68CAB5E1C8035FF00C87911 /* firstchat.app */,
			);
			name = Products;
			sourceTree = "<group>";
		};
		A68CAB601C8035FF00C87911 /* firstchat */ = {
			isa = PBXGroup;
			children = (
				A68CAB611C8035FF00C87911 /* AppDelegate.swift */,
				A68CAB631C8035FF00C87911 /* FirstViewController.swift */,
				A68CAB651C8035FF00C87911 /* SecondViewController.swift */,
				A6895F541C819269003B69E3 /* ThirdViewController.swift */,
				A67595F51C8ADA2900B5ACD3 /* ChatViewController.swift */,
				A68CAB671C8035FF00C87911 /* Main.storyboard */,
				A60E53741CA5AF0300C2D1BA /* ContactViewController.swift */,
				A6895F561C819E0D003B69E3 /* TabBarController.swift */,
				A6895F521C81899B003B69E3 /* Connection.swift */,
				A6895F401C80BFE5003B69E3 /* KeyboardLayoutConstraint.swift */,
				A68CAB771C80AE9700C87911 /* SignInViewController.swift */,
				A6895F4A1C80C547003B69E3 /* Bitter-Bold.otf */,
				A6895F4B1C80C547003B69E3 /* Bitter-BoldItalic.otf */,
				A6895F4C1C80C547003B69E3 /* Bitter-Italic.otf */,
				A6895F4D1C80C547003B69E3 /* Bitter-Regular.otf */,
				A6895F581C81A35D003B69E3 /* Lato-Black.ttf */,
				A6895F591C81A35D003B69E3 /* Lato-BlackItalic.ttf */,
				A6895F5A1C81A35D003B69E3 /* Lato-Bold.ttf */,
				A6895F5B1C81A35D003B69E3 /* Lato-BoldItalic.ttf */,
				A6895F5C1C81A35D003B69E3 /* Lato-Hairline.ttf */,
				A6895F5D1C81A35D003B69E3 /* Lato-HairlineItalic.ttf */,
				A6895F5E1C81A35D003B69E3 /* Lato-Heavy.ttf */,
				A6895F5F1C81A35D003B69E3 /* Lato-HeavyItalic.ttf */,
				A6895F601C81A35D003B69E3 /* Lato-Italic.ttf */,
				A6895F611C81A35D003B69E3 /* Lato-Light.ttf */,
				A6895F621C81A35D003B69E3 /* Lato-LightItalic.ttf */,
				A6895F631C81A35D003B69E3 /* Lato-Medium.ttf */,
				A6895F641C81A35D003B69E3 /* Lato-MediumItalic.ttf */,
				A6895F651C81A35D003B69E3 /* Lato-Regular.ttf */,
				A6895F661C81A35D003B69E3 /* Lato-Semibold.ttf */,
				A6895F671C81A35D003B69E3 /* Lato-SemiboldItalic.ttf */,
				A6895F681C81A35D003B69E3 /* Lato-Thin.ttf */,
				A6895F691C81A35D003B69E3 /* Lato-ThinItalic.ttf */,
				A68CAB6A1C8035FF00C87911 /* Assets.xcassets */,
				A68CAB6C1C8035FF00C87911 /* LaunchScreen.storyboard */,
				A68CAB6F1C8035FF00C87911 /* Info.plist */,
				A6C5487C1CA46CCD00D0D2C4 /* RSKGrowingTextView */,
				A6C548821CA46CCD00D0D2C4 /* RSKPlaceholderTextView */,
				A68B3E2D1D1B290A0061EB94 /* firstchat-Bridging-Header.h */,
			);
			path = firstchat;
			sourceTree = "<group>";
		};
		A6C5487C1CA46CCD00D0D2C4 /* RSKGrowingTextView */ = {
			isa = PBXGroup;
			children = (
				A6C5487D1CA46CCD00D0D2C4 /* LICENSE */,
				A6C5487E1CA46CCD00D0D2C4 /* README.md */,
				A6C5487F1CA46CCD00D0D2C4 /* RSKGrowingTextView */,
			);
			path = RSKGrowingTextView;
			sourceTree = "<group>";
		};
		A6C5487F1CA46CCD00D0D2C4 /* RSKGrowingTextView */ = {
			isa = PBXGroup;
			children = (
				A6C548801CA46CCD00D0D2C4 /* RSKGrowingTextView.h */,
				A6C548811CA46CCD00D0D2C4 /* RSKGrowingTextView.swift */,
			);
			path = RSKGrowingTextView;
			sourceTree = "<group>";
		};
		A6C548821CA46CCD00D0D2C4 /* RSKPlaceholderTextView */ = {
			isa = PBXGroup;
			children = (
				A6C548831CA46CCD00D0D2C4 /* LICENSE */,
				A6C548841CA46CCD00D0D2C4 /* README.md */,
				A6C548851CA46CCD00D0D2C4 /* RSKPlaceholderTextView */,
			);
			path = RSKPlaceholderTextView;
			sourceTree = "<group>";
		};
		A6C548851CA46CCD00D0D2C4 /* RSKPlaceholderTextView */ = {
			isa = PBXGroup;
			children = (
				A6C548861CA46CCD00D0D2C4 /* RSKPlaceholderTextView.swift */,
			);
			path = RSKPlaceholderTextView;
			sourceTree = "<group>";
		};
		CA2AC7E77CB2FA02D2C44EEB /* Frameworks */ = {
			isa = PBXGroup;
			children = (
				A68B3E291D1B24C10061EB94 /* libchilkatIos.a */,
				A67FBF461CA46A9700796F50 /* RSKPlaceholderTextView.framework */,
				DD9795C0BDEDA6003CD093E4 /* Pods_firstchat.framework */,
			);
			name = Frameworks;
			sourceTree = "<group>";
		};
/* End PBXGroup section */

/* Begin PBXNativeTarget section */
		A68CAB5D1C8035FF00C87911 /* firstchat */ = {
			isa = PBXNativeTarget;
			buildConfigurationList = A68CAB721C8035FF00C87911 /* Build configuration list for PBXNativeTarget "firstchat" */;
			buildPhases = (
				6C19237AECBDB0BAE5060527 /* [CP] Check Pods Manifest.lock */,
				A68CAB5A1C8035FF00C87911 /* Sources */,
				A68CAB5B1C8035FF00C87911 /* Frameworks */,
				A68CAB5C1C8035FF00C87911 /* Resources */,
				7733A605739EECCA63791037 /* [CP] Embed Pods Frameworks */,
				E49F655A47806CA3CA569AED /* [CP] Copy Pods Resources */,
			);
			buildRules = (
			);
			dependencies = (
			);
			name = firstchat;
			productName = firstchat;
			productReference = A68CAB5E1C8035FF00C87911 /* firstchat.app */;
			productType = "com.apple.product-type.application";
		};
/* End PBXNativeTarget section */

/* Begin PBXProject section */
		A68CAB561C8035FF00C87911 /* Project object */ = {
			isa = PBXProject;
			attributes = {
				LastSwiftUpdateCheck = 0730;
				LastUpgradeCheck = 0720;
				ORGANIZATIONNAME = "Mikhail Gilmutdinov";
				TargetAttributes = {
					A68CAB5D1C8035FF00C87911 = {
						CreatedOnToolsVersion = 7.2.1;
						DevelopmentTeam = A72L5K4P73;
						LastSwiftMigration = 0800;
						ProvisioningStyle = Automatic;
					};
				};
			};
			buildConfigurationList = A68CAB591C8035FF00C87911 /* Build configuration list for PBXProject "firstchat" */;
			compatibilityVersion = "Xcode 3.2";
			developmentRegion = English;
			hasScannedForEncodings = 0;
			knownRegions = (
				en,
				Base,
			);
			mainGroup = A68CAB551C8035FF00C87911;
			productRefGroup = A68CAB5F1C8035FF00C87911 /* Products */;
			projectDirPath = "";
			projectRoot = "";
			targets = (
				A68CAB5D1C8035FF00C87911 /* firstchat */,
			);
		};
/* End PBXProject section */

/* Begin PBXResourcesBuildPhase section */
		A68CAB5C1C8035FF00C87911 /* Resources */ = {
			isa = PBXResourcesBuildPhase;
			buildActionMask = 2147483647;
			files = (
				A6895F731C81A35D003B69E3 /* Lato-Light.ttf in Resources */,
				A6895F7A1C81A35D003B69E3 /* Lato-Thin.ttf in Resources */,
				A6C548871CA46CCD00D0D2C4 /* LICENSE in Resources */,
				A6895F751C81A35D003B69E3 /* Lato-Medium.ttf in Resources */,
				A6895F701C81A35D003B69E3 /* Lato-Heavy.ttf in Resources */,
				A6895F511C80C547003B69E3 /* Bitter-Regular.otf in Resources */,
				A6895F771C81A35D003B69E3 /* Lato-Regular.ttf in Resources */,
				A6895F6C1C81A35D003B69E3 /* Lato-Bold.ttf in Resources */,
				A6895F7B1C81A35D003B69E3 /* Lato-ThinItalic.ttf in Resources */,
				A6895F6E1C81A35D003B69E3 /* Lato-Hairline.ttf in Resources */,
				A68CAB6E1C8035FF00C87911 /* LaunchScreen.storyboard in Resources */,
				A68CAB6B1C8035FF00C87911 /* Assets.xcassets in Resources */,
				A6895F741C81A35D003B69E3 /* Lato-LightItalic.ttf in Resources */,
				A6895F791C81A35D003B69E3 /* Lato-SemiboldItalic.ttf in Resources */,
				A6895F761C81A35D003B69E3 /* Lato-MediumItalic.ttf in Resources */,
				A6C5488A1CA46CCD00D0D2C4 /* LICENSE in Resources */,
				A6895F6D1C81A35D003B69E3 /* Lato-BoldItalic.ttf in Resources */,
				A6895F4E1C80C547003B69E3 /* Bitter-Bold.otf in Resources */,
				A6895F781C81A35D003B69E3 /* Lato-Semibold.ttf in Resources */,
				A6895F6F1C81A35D003B69E3 /* Lato-HairlineItalic.ttf in Resources */,
				A6895F6A1C81A35D003B69E3 /* Lato-Black.ttf in Resources */,
				A6895F711C81A35D003B69E3 /* Lato-HeavyItalic.ttf in Resources */,
				A6895F6B1C81A35D003B69E3 /* Lato-BlackItalic.ttf in Resources */,
				A6895F501C80C547003B69E3 /* Bitter-Italic.otf in Resources */,
				A6895F4F1C80C547003B69E3 /* Bitter-BoldItalic.otf in Resources */,
				A6895F721C81A35D003B69E3 /* Lato-Italic.ttf in Resources */,
				A68CAB691C8035FF00C87911 /* Main.storyboard in Resources */,
				A68B3E281D1B085E0061EB94 /* Info.plist in Resources */,
			);
			runOnlyForDeploymentPostprocessing = 0;
		};
/* End PBXResourcesBuildPhase section */

/* Begin PBXShellScriptBuildPhase section */
		6C19237AECBDB0BAE5060527 /* [CP] Check Pods Manifest.lock */ = {
			isa = PBXShellScriptBuildPhase;
			buildActionMask = 2147483647;
			files = (
			);
			inputPaths = (
			);
			name = "[CP] Check Pods Manifest.lock";
			outputPaths = (
			);
			runOnlyForDeploymentPostprocessing = 0;
			shellPath = /bin/sh;
			shellScript = "diff \"${PODS_ROOT}/../Podfile.lock\" \"${PODS_ROOT}/Manifest.lock\" > /dev/null\nif [[ $? != 0 ]] ; then\n    cat << EOM\nerror: The sandbox is not in sync with the Podfile.lock. Run 'pod install' or update your CocoaPods installation.\nEOM\n    exit 1\nfi\n";
			showEnvVarsInLog = 0;
		};
		7733A605739EECCA63791037 /* [CP] Embed Pods Frameworks */ = {
			isa = PBXShellScriptBuildPhase;
			buildActionMask = 2147483647;
			files = (
			);
			inputPaths = (
			);
			name = "[CP] Embed Pods Frameworks";
			outputPaths = (
			);
			runOnlyForDeploymentPostprocessing = 0;
			shellPath = /bin/sh;
			shellScript = "\"${SRCROOT}/Pods/Target Support Files/Pods-firstchat/Pods-firstchat-frameworks.sh\"\n";
			showEnvVarsInLog = 0;
		};
		E49F655A47806CA3CA569AED /* [CP] Copy Pods Resources */ = {
			isa = PBXShellScriptBuildPhase;
			buildActionMask = 2147483647;
			files = (
			);
			inputPaths = (
			);
			name = "[CP] Copy Pods Resources";
			outputPaths = (
			);
			runOnlyForDeploymentPostprocessing = 0;
			shellPath = /bin/sh;
			shellScript = "\"${SRCROOT}/Pods/Target Support Files/Pods-firstchat/Pods-firstchat-resources.sh\"\n";
			showEnvVarsInLog = 0;
		};
/* End PBXShellScriptBuildPhase section */

/* Begin PBXSourcesBuildPhase section */
		A68CAB5A1C8035FF00C87911 /* Sources */ = {
			isa = PBXSourcesBuildPhase;
			buildActionMask = 2147483647;
			files = (
				A68CAB781C80AE9700C87911 /* SignInViewController.swift in Sources */,
				A6895F571C819E0D003B69E3 /* TabBarController.swift in Sources */,
				A60E53751CA5AF0300C2D1BA /* ContactViewController.swift in Sources */,
				A6C548881CA46CCD00D0D2C4 /* README.md in Sources */,
				A6895F531C81899B003B69E3 /* Connection.swift in Sources */,
				A6C548891CA46CCD00D0D2C4 /* RSKGrowingTextView.swift in Sources */,
				A68CAB661C8035FF00C87911 /* SecondViewController.swift in Sources */,
				A6C5488B1CA46CCD00D0D2C4 /* README.md in Sources */,
				A6895F551C819269003B69E3 /* ThirdViewController.swift in Sources */,
				A68CAB621C8035FF00C87911 /* AppDelegate.swift in Sources */,
				A6C5488C1CA46CCD00D0D2C4 /* RSKPlaceholderTextView.swift in Sources */,
				A6895F411C80BFE5003B69E3 /* KeyboardLayoutConstraint.swift in Sources */,
				A67595F61C8ADA2900B5ACD3 /* ChatViewController.swift in Sources */,
				A68CAB641C8035FF00C87911 /* FirstViewController.swift in Sources */,
			);
			runOnlyForDeploymentPostprocessing = 0;
		};
/* End PBXSourcesBuildPhase section */

/* Begin PBXVariantGroup section */
		A68CAB671C8035FF00C87911 /* Main.storyboard */ = {
			isa = PBXVariantGroup;
			children = (
				A68CAB681C8035FF00C87911 /* Base */,
			);
			name = Main.storyboard;
			sourceTree = "<group>";
		};
		A68CAB6C1C8035FF00C87911 /* LaunchScreen.storyboard */ = {
			isa = PBXVariantGroup;
			children = (
				A68CAB6D1C8035FF00C87911 /* Base */,
			);
			name = LaunchScreen.storyboard;
			sourceTree = "<group>";
		};
/* End PBXVariantGroup section */

/* Begin XCBuildConfiguration section */
		A68CAB701C8035FF00C87911 /* Debug */ = {
			isa = XCBuildConfiguration;
			buildSettings = {
				ALWAYS_SEARCH_USER_PATHS = NO;
				CLANG_CXX_LANGUAGE_STANDARD = "gnu++0x";
				CLANG_CXX_LIBRARY = "libc++";
				CLANG_ENABLE_MODULES = YES;
				CLANG_ENABLE_OBJC_ARC = YES;
				CLANG_WARN_BOOL_CONVERSION = YES;
				CLANG_WARN_CONSTANT_CONVERSION = YES;
				CLANG_WARN_DIRECT_OBJC_ISA_USAGE = YES_ERROR;
				CLANG_WARN_EMPTY_BODY = YES;
				CLANG_WARN_ENUM_CONVERSION = YES;
				CLANG_WARN_INT_CONVERSION = YES;
				CLANG_WARN_OBJC_ROOT_CLASS = YES_ERROR;
				CLANG_WARN_UNREACHABLE_CODE = YES;
				CLANG_WARN__DUPLICATE_METHOD_MATCH = YES;
				"CODE_SIGN_IDENTITY[sdk=iphoneos*]" = "iPhone Developer";
				COPY_PHASE_STRIP = NO;
				DEBUG_INFORMATION_FORMAT = dwarf;
				ENABLE_BITCODE = NO;
				ENABLE_STRICT_OBJC_MSGSEND = YES;
				ENABLE_TESTABILITY = YES;
				GCC_C_LANGUAGE_STANDARD = gnu99;
				GCC_DYNAMIC_NO_PIC = NO;
				GCC_NO_COMMON_BLOCKS = YES;
				GCC_OPTIMIZATION_LEVEL = 0;
				GCC_PREPROCESSOR_DEFINITIONS = (
					"DEBUG=1",
					"$(inherited)",
				);
				GCC_WARN_64_TO_32_BIT_CONVERSION = YES;
				GCC_WARN_ABOUT_RETURN_TYPE = YES_ERROR;
				GCC_WARN_UNDECLARED_SELECTOR = YES;
				GCC_WARN_UNINITIALIZED_AUTOS = YES_AGGRESSIVE;
				GCC_WARN_UNUSED_FUNCTION = YES;
				GCC_WARN_UNUSED_VARIABLE = YES;
				IPHONEOS_DEPLOYMENT_TARGET = 9.2;
				MTL_ENABLE_DEBUG_INFO = YES;
				ONLY_ACTIVE_ARCH = YES;
				SDKROOT = iphoneos;
				SWIFT_OPTIMIZATION_LEVEL = "-Onone";
			};
			name = Debug;
		};
		A68CAB711C8035FF00C87911 /* Release */ = {
			isa = XCBuildConfiguration;
			buildSettings = {
				ALWAYS_SEARCH_USER_PATHS = NO;
				CLANG_CXX_LANGUAGE_STANDARD = "gnu++0x";
				CLANG_CXX_LIBRARY = "libc++";
				CLANG_ENABLE_MODULES = YES;
				CLANG_ENABLE_OBJC_ARC = YES;
				CLANG_WARN_BOOL_CONVERSION = YES;
				CLANG_WARN_CONSTANT_CONVERSION = YES;
				CLANG_WARN_DIRECT_OBJC_ISA_USAGE = YES_ERROR;
				CLANG_WARN_EMPTY_BODY = YES;
				CLANG_WARN_ENUM_CONVERSION = YES;
				CLANG_WARN_INT_CONVERSION = YES;
				CLANG_WARN_OBJC_ROOT_CLASS = YES_ERROR;
				CLANG_WARN_UNREACHABLE_CODE = YES;
				CLANG_WARN__DUPLICATE_METHOD_MATCH = YES;
				"CODE_SIGN_IDENTITY[sdk=iphoneos*]" = "iPhone Developer";
				COPY_PHASE_STRIP = NO;
				DEBUG_INFORMATION_FORMAT = "dwarf-with-dsym";
				ENABLE_BITCODE = NO;
				ENABLE_NS_ASSERTIONS = NO;
				ENABLE_STRICT_OBJC_MSGSEND = YES;
				GCC_C_LANGUAGE_STANDARD = gnu99;
				GCC_NO_COMMON_BLOCKS = YES;
				GCC_WARN_64_TO_32_BIT_CONVERSION = YES;
				GCC_WARN_ABOUT_RETURN_TYPE = YES_ERROR;
				GCC_WARN_UNDECLARED_SELECTOR = YES;
				GCC_WARN_UNINITIALIZED_AUTOS = YES_AGGRESSIVE;
				GCC_WARN_UNUSED_FUNCTION = YES;
				GCC_WARN_UNUSED_VARIABLE = YES;
				IPHONEOS_DEPLOYMENT_TARGET = 9.2;
				MTL_ENABLE_DEBUG_INFO = NO;
				SDKROOT = iphoneos;
				VALIDATE_PRODUCT = YES;
			};
			name = Release;
		};
		A68CAB731C8035FF00C87911 /* Debug */ = {
			isa = XCBuildConfiguration;
			baseConfigurationReference = 48F0619C5E198E7780298126 /* Pods-firstchat.debug.xcconfig */;
			buildSettings = {
				ASSETCATALOG_COMPILER_APPICON_NAME = AppIcon;
				CLANG_ENABLE_MODULES = YES;
				CODE_SIGN_IDENTITY = "iPhone Developer";
				"CODE_SIGN_IDENTITY[sdk=iphoneos*]" = "iPhone Developer";
				FRAMEWORK_SEARCH_PATHS = (
					"$(inherited)",
					"$(PROJECT_DIR)/build/Debug",
				);
				INFOPLIST_FILE = firstchat/Info.plist;
				IPHONEOS_DEPLOYMENT_TARGET = 8.0;
				LD_RUNPATH_SEARCH_PATHS = "$(inherited) @executable_path/Frameworks";
				PRODUCT_BUNDLE_IDENTIFIER = me.mmkg.firstchat;
				PRODUCT_NAME = "$(TARGET_NAME)";
				PROVISIONING_PROFILE = "";
				SWIFT_OBJC_BRIDGING_HEADER = "firstchat/firstchat-Bridging-Header.h";
				SWIFT_OPTIMIZATION_LEVEL = "-Onone";
				SWIFT_VERSION = 2.3;
				TARGETED_DEVICE_FAMILY = 1;
			};
			name = Debug;
		};
		A68CAB741C8035FF00C87911 /* Release */ = {
			isa = XCBuildConfiguration;
			baseConfigurationReference = 13521F6B88540540FF97376D /* Pods-firstchat.release.xcconfig */;
			buildSettings = {
				ASSETCATALOG_COMPILER_APPICON_NAME = AppIcon;
				CLANG_ENABLE_MODULES = YES;
				CODE_SIGN_IDENTITY = "iPhone Developer";
				"CODE_SIGN_IDENTITY[sdk=iphoneos*]" = "iPhone Developer";
				FRAMEWORK_SEARCH_PATHS = (
					"$(inherited)",
					"$(PROJECT_DIR)/build/Debug",
				);
				INFOPLIST_FILE = firstchat/Info.plist;
				IPHONEOS_DEPLOYMENT_TARGET = 8.0;
				LD_RUNPATH_SEARCH_PATHS = "$(inherited) @executable_path/Frameworks";
				PRODUCT_BUNDLE_IDENTIFIER = me.mmkg.firstchat;
				PRODUCT_NAME = "$(TARGET_NAME)";
				PROVISIONING_PROFILE = "";
				SWIFT_OBJC_BRIDGING_HEADER = "firstchat/firstchat-Bridging-Header.h";
				SWIFT_VERSION = 2.3;
				TARGETED_DEVICE_FAMILY = 1;
			};
			name = Release;
		};
/* End XCBuildConfiguration section */

/* Begin XCConfigurationList section */
		A68CAB591C8035FF00C87911 /* Build configuration list for PBXProject "firstchat" */ = {
			isa = XCConfigurationList;
			buildConfigurations = (
				A68CAB701C8035FF00C87911 /* Debug */,
				A68CAB711C8035FF00C87911 /* Release */,
			);
			defaultConfigurationIsVisible = 0;
			defaultConfigurationName = Release;
		};
		A68CAB721C8035FF00C87911 /* Build configuration list for PBXNativeTarget "firstchat" */ = {
			isa = XCConfigurationList;
			buildConfigurations = (
				A68CAB731C8035FF00C87911 /* Debug */,
				A68CAB741C8035FF00C87911 /* Release */,
			);
			defaultConfigurationIsVisible = 0;
			defaultConfigurationName = Release;
		};
/* End XCConfigurationList section */
	};
	rootObject = A68CAB561C8035FF00C87911 /* Project object */;
}
